// !$*UTF8*$!
{
	archiveVersion = 1;
	classes = {
	};
	objectVersion = 52;
	objects = {

/* Begin PBXBuildFile section */
		4F1570A4259FF7620082A70D /* AudioKitUITestApp.swift in Sources */ = {isa = PBXBuildFile; fileRef = 4F1570A3259FF7620082A70D /* AudioKitUITestApp.swift */; };
		4F1570A6259FF7620082A70D /* ContentView.swift in Sources */ = {isa = PBXBuildFile; fileRef = 4F1570A5259FF7620082A70D /* ContentView.swift */; };
		4F1570A8259FF7630082A70D /* Assets.xcassets in Resources */ = {isa = PBXBuildFile; fileRef = 4F1570A7259FF7630082A70D /* Assets.xcassets */; };
		4F1570AB259FF7630082A70D /* Preview Assets.xcassets in Resources */ = {isa = PBXBuildFile; fileRef = 4F1570AA259FF7630082A70D /* Preview Assets.xcassets */; };
		4F1570B5259FF79F0082A70D /* AudioKitUI in Frameworks */ = {isa = PBXBuildFile; productRef = 4F1570B4259FF79F0082A70D /* AudioKitUI */; };
		4F1570B8259FF7B20082A70D /* Conductor.swift in Sources */ = {isa = PBXBuildFile; fileRef = 4F1570B7259FF7B20082A70D /* Conductor.swift */; };
/* End PBXBuildFile section */

/* Begin PBXFileReference section */
		4F1570A0259FF7620082A70D /* AudioKitUITest.app */ = {isa = PBXFileReference; explicitFileType = wrapper.application; includeInIndex = 0; path = AudioKitUITest.app; sourceTree = BUILT_PRODUCTS_DIR; };
		4F1570A3259FF7620082A70D /* AudioKitUITestApp.swift */ = {isa = PBXFileReference; lastKnownFileType = sourcecode.swift; path = AudioKitUITestApp.swift; sourceTree = "<group>"; };
		4F1570A5259FF7620082A70D /* ContentView.swift */ = {isa = PBXFileReference; lastKnownFileType = sourcecode.swift; path = ContentView.swift; sourceTree = "<group>"; };
		4F1570A7259FF7630082A70D /* Assets.xcassets */ = {isa = PBXFileReference; lastKnownFileType = folder.assetcatalog; path = Assets.xcassets; sourceTree = "<group>"; };
		4F1570AA259FF7630082A70D /* Preview Assets.xcassets */ = {isa = PBXFileReference; lastKnownFileType = folder.assetcatalog; path = "Preview Assets.xcassets"; sourceTree = "<group>"; };
		4F1570AC259FF7630082A70D /* Info.plist */ = {isa = PBXFileReference; lastKnownFileType = text.plist.xml; path = Info.plist; sourceTree = "<group>"; };
		4F1570B7259FF7B20082A70D /* Conductor.swift */ = {isa = PBXFileReference; lastKnownFileType = sourcecode.swift; path = Conductor.swift; sourceTree = "<group>"; };
/* End PBXFileReference section */

/* Begin PBXFrameworksBuildPhase section */
		4F15709D259FF7620082A70D /* Frameworks */ = {
			isa = PBXFrameworksBuildPhase;
			buildActionMask = 2147483647;
			files = (
				4F1570B5259FF79F0082A70D /* AudioKitUI in Frameworks */,
			);
			runOnlyForDeploymentPostprocessing = 0;
		};
/* End PBXFrameworksBuildPhase section */

/* Begin PBXGroup section */
		4F157097259FF7620082A70D = {
			isa = PBXGroup;
			children = (
				4F1570A2259FF7620082A70D /* AudioKitUITest */,
				4F1570A1259FF7620082A70D /* Products */,
			);
			sourceTree = "<group>";
		};
		4F1570A1259FF7620082A70D /* Products */ = {
			isa = PBXGroup;
			children = (
				4F1570A0259FF7620082A70D /* AudioKitUITest.app */,
			);
			name = Products;
			sourceTree = "<group>";
		};
		4F1570A2259FF7620082A70D /* AudioKitUITest */ = {
			isa = PBXGroup;
			children = (
				4F1570A3259FF7620082A70D /* AudioKitUITestApp.swift */,
				4F1570A5259FF7620082A70D /* ContentView.swift */,
				4F1570B7259FF7B20082A70D /* Conductor.swift */,
				4F1570A7259FF7630082A70D /* Assets.xcassets */,
				4F1570AC259FF7630082A70D /* Info.plist */,
				4F1570A9259FF7630082A70D /* Preview Content */,
			);
			path = AudioKitUITest;
			sourceTree = "<group>";
		};
		4F1570A9259FF7630082A70D /* Preview Content */ = {
			isa = PBXGroup;
			children = (
				4F1570AA259FF7630082A70D /* Preview Assets.xcassets */,
			);
			path = "Preview Content";
			sourceTree = "<group>";
		};
/* End PBXGroup section */

/* Begin PBXNativeTarget section */
		4F15709F259FF7620082A70D /* AudioKitUITest */ = {
			isa = PBXNativeTarget;
			buildConfigurationList = 4F1570AF259FF7630082A70D /* Build configuration list for PBXNativeTarget "AudioKitUITest" */;
			buildPhases = (
				4F15709C259FF7620082A70D /* Sources */,
				4F15709D259FF7620082A70D /* Frameworks */,
				4F15709E259FF7620082A70D /* Resources */,
			);
			buildRules = (
			);
			dependencies = (
			);
			name = AudioKitUITest;
			packageProductDependencies = (
				4F1570B4259FF79F0082A70D /* AudioKitUI */,
			);
			productName = AudioKitUITest;
			productReference = 4F1570A0259FF7620082A70D /* AudioKitUITest.app */;
			productType = "com.apple.product-type.application";
		};
/* End PBXNativeTarget section */

/* Begin PBXProject section */
		4F157098259FF7620082A70D /* Project object */ = {
			isa = PBXProject;
			attributes = {
				LastSwiftUpdateCheck = 1220;
				LastUpgradeCheck = 1220;
				TargetAttributes = {
					4F15709F259FF7620082A70D = {
						CreatedOnToolsVersion = 12.2;
					};
				};
			};
			buildConfigurationList = 4F15709B259FF7620082A70D /* Build configuration list for PBXProject "AudioKitUITest" */;
			compatibilityVersion = "Xcode 9.3";
			developmentRegion = en;
			hasScannedForEncodings = 0;
			knownRegions = (
				en,
				Base,
			);
			mainGroup = 4F157097259FF7620082A70D;
			packageReferences = (
				4F1570B3259FF79F0082A70D /* XCRemoteSwiftPackageReference "AudioKitUI" */,
			);
			productRefGroup = 4F1570A1259FF7620082A70D /* Products */;
			projectDirPath = "";
			projectRoot = "";
			targets = (
				4F15709F259FF7620082A70D /* AudioKitUITest */,
			);
		};
/* End PBXProject section */

/* Begin PBXResourcesBuildPhase section */
		4F15709E259FF7620082A70D /* Resources */ = {
			isa = PBXResourcesBuildPhase;
			buildActionMask = 2147483647;
			files = (
				4F1570AB259FF7630082A70D /* Preview Assets.xcassets in Resources */,
				4F1570A8259FF7630082A70D /* Assets.xcassets in Resources */,
			);
			runOnlyForDeploymentPostprocessing = 0;
		};
/* End PBXResourcesBuildPhase section */

/* Begin PBXSourcesBuildPhase section */
		4F15709C259FF7620082A70D /* Sources */ = {
			isa = PBXSourcesBuildPhase;
			buildActionMask = 2147483647;
			files = (
				4F1570A6259FF7620082A70D /* ContentView.swift in Sources */,
				4F1570B8259FF7B20082A70D /* Conductor.swift in Sources */,
				4F1570A4259FF7620082A70D /* AudioKitUITestApp.swift in Sources */,
			);
			runOnlyForDeploymentPostprocessing = 0;
		};
/* End PBXSourcesBuildPhase section */

/* Begin XCBuildConfiguration section */
		4F1570AD259FF7630082A70D /* Debug */ = {
			isa = XCBuildConfiguration;
			buildSettings = {
				ALWAYS_SEARCH_USER_PATHS = NO;
				CLANG_ANALYZER_NONNULL = YES;
				CLANG_ANALYZER_NUMBER_OBJECT_CONVERSION = YES_AGGRESSIVE;
				CLANG_CXX_LANGUAGE_STANDARD = "gnu++14";
				CLANG_CXX_LIBRARY = "libc++";
				CLANG_ENABLE_MODULES = YES;
				CLANG_ENABLE_OBJC_ARC = YES;
				CLANG_ENABLE_OBJC_WEAK = YES;
				CLANG_WARN_BLOCK_CAPTURE_AUTORELEASING = YES;
				CLANG_WARN_BOOL_CONVERSION = YES;
				CLANG_WARN_COMMA = YES;
				CLANG_WARN_CONSTANT_CONVERSION = YES;
				CLANG_WARN_DEPRECATED_OBJC_IMPLEMENTATIONS = YES;
				CLANG_WARN_DIRECT_OBJC_ISA_USAGE = YES_ERROR;
				CLANG_WARN_DOCUMENTATION_COMMENTS = YES;
				CLANG_WARN_EMPTY_BODY = YES;
				CLANG_WARN_ENUM_CONVERSION = YES;
				CLANG_WARN_INFINITE_RECURSION = YES;
				CLANG_WARN_INT_CONVERSION = YES;
				CLANG_WARN_NON_LITERAL_NULL_CONVERSION = YES;
				CLANG_WARN_OBJC_IMPLICIT_RETAIN_SELF = YES;
				CLANG_WARN_OBJC_LITERAL_CONVERSION = YES;
				CLANG_WARN_OBJC_ROOT_CLASS = YES_ERROR;
				CLANG_WARN_QUOTED_INCLUDE_IN_FRAMEWORK_HEADER = YES;
				CLANG_WARN_RANGE_LOOP_ANALYSIS = YES;
				CLANG_WARN_STRICT_PROTOTYPES = YES;
				CLANG_WARN_SUSPICIOUS_MOVE = YES;
				CLANG_WARN_UNGUARDED_AVAILABILITY = YES_AGGRESSIVE;
				CLANG_WARN_UNREACHABLE_CODE = YES;
				CLANG_WARN__DUPLICATE_METHOD_MATCH = YES;
				COPY_PHASE_STRIP = NO;
				DEBUG_INFORMATION_FORMAT = dwarf;
				ENABLE_STRICT_OBJC_MSGSEND = YES;
				ENABLE_TESTABILITY = YES;
				GCC_C_LANGUAGE_STANDARD = gnu11;
				GCC_DYNAMIC_NO_PIC = NO;
				GCC_NO_COMMON_BLOCKS = YES;
				GCC_OPTIMIZATION_LEVEL = 0;
				GCC_PREPROCESSOR_DEFINITIONS = (
					"DEBUG=1",
					"$(inherited)",
				);
				GCC_WARN_64_TO_32_BIT_CONVERSION = YES;
				GCC_WARN_ABOUT_RETURN_TYPE = YES_ERROR;
				GCC_WARN_UNDECLARED_SELECTOR = YES;
				GCC_WARN_UNINITIALIZED_AUTOS = YES_AGGRESSIVE;
				GCC_WARN_UNUSED_FUNCTION = YES;
				GCC_WARN_UNUSED_VARIABLE = YES;
				IPHONEOS_DEPLOYMENT_TARGET = 14.2;
				MTL_ENABLE_DEBUG_INFO = INCLUDE_SOURCE;
				MTL_FAST_MATH = YES;
				ONLY_ACTIVE_ARCH = YES;
				SDKROOT = iphoneos;
				SWIFT_ACTIVE_COMPILATION_CONDITIONS = DEBUG;
				SWIFT_OPTIMIZATION_LEVEL = "-Onone";
			};
			name = Debug;
		};
		4F1570AE259FF7630082A70D /* Release */ = {
			isa = XCBuildConfiguration;
			buildSettings = {
				ALWAYS_SEARCH_USER_PATHS = NO;
				CLANG_ANALYZER_NONNULL = YES;
				CLANG_ANALYZER_NUMBER_OBJECT_CONVERSION = YES_AGGRESSIVE;
				CLANG_CXX_LANGUAGE_STANDARD = "gnu++14";
				CLANG_CXX_LIBRARY = "libc++";
				CLANG_ENABLE_MODULES = YES;
				CLANG_ENABLE_OBJC_ARC = YES;
				CLANG_ENABLE_OBJC_WEAK = YES;
				CLANG_WARN_BLOCK_CAPTURE_AUTORELEASING = YES;
				CLANG_WARN_BOOL_CONVERSION = YES;
				CLANG_WARN_COMMA = YES;
				CLANG_WARN_CONSTANT_CONVERSION = YES;
				CLANG_WARN_DEPRECATED_OBJC_IMPLEMENTATIONS = YES;
				CLANG_WARN_DIRECT_OBJC_ISA_USAGE = YES_ERROR;
				CLANG_WARN_DOCUMENTATION_COMMENTS = YES;
				CLANG_WARN_EMPTY_BODY = YES;
				CLANG_WARN_ENUM_CONVERSION = YES;
				CLANG_WARN_INFINITE_RECURSION = YES;
				CLANG_WARN_INT_CONVERSION = YES;
				CLANG_WARN_NON_LITERAL_NULL_CONVERSION = YES;
				CLANG_WARN_OBJC_IMPLICIT_RETAIN_SELF = YES;
				CLANG_WARN_OBJC_LITERAL_CONVERSION = YES;
				CLANG_WARN_OBJC_ROOT_CLASS = YES_ERROR;
				CLANG_WARN_QUOTED_INCLUDE_IN_FRAMEWORK_HEADER = YES;
				CLANG_WARN_RANGE_LOOP_ANALYSIS = YES;
				CLANG_WARN_STRICT_PROTOTYPES = YES;
				CLANG_WARN_SUSPICIOUS_MOVE = YES;
				CLANG_WARN_UNGUARDED_AVAILABILITY = YES_AGGRESSIVE;
				CLANG_WARN_UNREACHABLE_CODE = YES;
				CLANG_WARN__DUPLICATE_METHOD_MATCH = YES;
				COPY_PHASE_STRIP = NO;
				DEBUG_INFORMATION_FORMAT = "dwarf-with-dsym";
				ENABLE_NS_ASSERTIONS = NO;
				ENABLE_STRICT_OBJC_MSGSEND = YES;
				GCC_C_LANGUAGE_STANDARD = gnu11;
				GCC_NO_COMMON_BLOCKS = YES;
				GCC_WARN_64_TO_32_BIT_CONVERSION = YES;
				GCC_WARN_ABOUT_RETURN_TYPE = YES_ERROR;
				GCC_WARN_UNDECLARED_SELECTOR = YES;
				GCC_WARN_UNINITIALIZED_AUTOS = YES_AGGRESSIVE;
				GCC_WARN_UNUSED_FUNCTION = YES;
				GCC_WARN_UNUSED_VARIABLE = YES;
				IPHONEOS_DEPLOYMENT_TARGET = 14.2;
				MTL_ENABLE_DEBUG_INFO = NO;
				MTL_FAST_MATH = YES;
				SDKROOT = iphoneos;
				SWIFT_COMPILATION_MODE = wholemodule;
				SWIFT_OPTIMIZATION_LEVEL = "-O";
				VALIDATE_PRODUCT = YES;
			};
			name = Release;
		};
		4F1570B0259FF7630082A70D /* Debug */ = {
			isa = XCBuildConfiguration;
			buildSettings = {
				ASSETCATALOG_COMPILER_APPICON_NAME = AppIcon;
				ASSETCATALOG_COMPILER_GLOBAL_ACCENT_COLOR_NAME = AccentColor;
				CODE_SIGN_STYLE = Automatic;
				DEVELOPMENT_ASSET_PATHS = "\"AudioKitUITest/Preview Content\"";
				DEVELOPMENT_TEAM = L2FL95P32D;
				ENABLE_PREVIEWS = YES;
				INFOPLIST_FILE = AudioKitUITest/Info.plist;
				IPHONEOS_DEPLOYMENT_TARGET = 14.0;
				LD_RUNPATH_SEARCH_PATHS = (
					"$(inherited)",
					"@executable_path/Frameworks",
				);
				PRODUCT_BUNDLE_IDENTIFIER = com.MattPfeiffer.AudioKitUITest;
				PRODUCT_NAME = "$(TARGET_NAME)";
				SWIFT_VERSION = 5.0;
				TARGETED_DEVICE_FAMILY = "1,2";
			};
			name = Debug;
		};
		4F1570B1259FF7630082A70D /* Release */ = {
			isa = XCBuildConfiguration;
			buildSettings = {
				ASSETCATALOG_COMPILER_APPICON_NAME = AppIcon;
				ASSETCATALOG_COMPILER_GLOBAL_ACCENT_COLOR_NAME = AccentColor;
				CODE_SIGN_STYLE = Automatic;
				DEVELOPMENT_ASSET_PATHS = "\"AudioKitUITest/Preview Content\"";
				DEVELOPMENT_TEAM = L2FL95P32D;
				ENABLE_PREVIEWS = YES;
				INFOPLIST_FILE = AudioKitUITest/Info.plist;
				IPHONEOS_DEPLOYMENT_TARGET = 14.0;
				LD_RUNPATH_SEARCH_PATHS = (
					"$(inherited)",
					"@executable_path/Frameworks",
				);
				PRODUCT_BUNDLE_IDENTIFIER = com.MattPfeiffer.AudioKitUITest;
				PRODUCT_NAME = "$(TARGET_NAME)";
				SWIFT_VERSION = 5.0;
				TARGETED_DEVICE_FAMILY = "1,2";
			};
			name = Release;
		};
/* End XCBuildConfiguration section */

/* Begin XCConfigurationList section */
		4F15709B259FF7620082A70D /* Build configuration list for PBXProject "AudioKitUITest" */ = {
			isa = XCConfigurationList;
			buildConfigurations = (
				4F1570AD259FF7630082A70D /* Debug */,
				4F1570AE259FF7630082A70D /* Release */,
			);
			defaultConfigurationIsVisible = 0;
			defaultConfigurationName = Release;
		};
		4F1570AF259FF7630082A70D /* Build configuration list for PBXNativeTarget "AudioKitUITest" */ = {
			isa = XCConfigurationList;
			buildConfigurations = (
				4F1570B0259FF7630082A70D /* Debug */,
				4F1570B1259FF7630082A70D /* Release */,
			);
			defaultConfigurationIsVisible = 0;
			defaultConfigurationName = Release;
		};
/* End XCConfigurationList section */

/* Begin XCRemoteSwiftPackageReference section */
		4F1570B3259FF79F0082A70D /* XCRemoteSwiftPackageReference "AudioKitUI" */ = {
			isa = XCRemoteSwiftPackageReference;
			repositoryURL = "https://github.com/AudioKit/AudioKitUI";
			requirement = {
				branch = main;
				kind = branch;
			};
		};
/* End XCRemoteSwiftPackageReference section */

/* Begin XCSwiftPackageProductDependency section */
		4F1570B4259FF79F0082A70D /* AudioKitUI */ = {
			isa = XCSwiftPackageProductDependency;
			package = 4F1570B3259FF79F0082A70D /* XCRemoteSwiftPackageReference "AudioKitUI" */;
			productName = AudioKitUI;
		};
/* End XCSwiftPackageProductDependency section */
	};
	rootObject = 4F157098259FF7620082A70D /* Project object */;
}
